{
  "object": {
    "pins": [
      {
        "package": "CLibGit2",
        "repositoryURL": "https://github.com/BrettRToomey/CLibGit2.git",
        "state": {
          "branch": "master",
          "revision": "14f8e54929276ccf7c9f93130035bd860192d726",
          "version": null
        }
      },
      {
        "package": "LLVM",
        "repositoryURL": "https://github.com/vdka/LLVMSwift.git",
        "state": {
          "branch": "master",
          "revision": "b95e22c23501b52bc4f8ab9e218f5549a6ac1ab0",
          "version": null
        }
      },
      {
        "package": "cllvm",
        "repositoryURL": "https://github.com/trill-lang/cllvm.git",
        "state": {
          "branch": null,
          "revision": "e85a8ebe9f45cff9fa31b43c32662318232b392a",
          "version": "0.0.3"
        }
      }
    ]
  },
  "version": 1
}
